Microsoft Visual Studio Solution File, Format Version 11.00
# Visual Studio 2008

Project("{2C8CD9C0-23C2-6297-D5A8-2F9AD1D8EA28}") = "Hardest Game_Data", "Assembly-CSharp.csproj", "{E3A284D1-5D0E-EA92-130A-FD5A3F4CEAEF}"
EndProject
Global
	GlobalSection(SolutionConfigurationPlatforms) = preSolution
		Debug|Any CPU = Debug|Any CPU
		Release|Any CPU = Release|Any CPU
	EndGlobalSection
	GlobalSection(ProjectConfigurationPlatforms) = postSolution
		{E3A284D1-5D0E-EA92-130A-FD5A3F4CEAEF}.Debug|Any CPU.ActiveCfg = Debug|Any CPU
		{E3A284D1-5D0E-EA92-130A-FD5A3F4CEAEF}.Debug|Any CPU.Build.0 = Debug|Any CPU
		{E3A284D1-5D0E-EA92-130A-FD5A3F4CEAEF}.Release|Any CPU.ActiveCfg = Release|Any CPU
		{E3A284D1-5D0E-EA92-130A-FD5A3F4CEAEF}.Release|Any CPU.Build.0 = Release|Any CPU
	EndGlobalSection
	GlobalSection(SolutionProperties) = preSolution
		HideSolutionNode = FALSE
	EndGlobalSection
																																																																GlobalSection(MonoDevelopProperties) = preSolution
		StartupItem = Assembly-CSharp.csproj
		Policies = $0
		$0.TextStylePolicy = $1
		$1.inheritsSet = null
		$1.scope = text/x-csharp
		$0.CSharpFormattingPolicy = $2
		$2.inheritsSet = Mono
		$2.inheritsScope = text/x-csharp
		$2.scope = text/x-csharp
		$0.TextStylePolicy = $3
		$3.FileWidth = 120
		$3.TabWidth = 4
		$3.IndentWidth = 4
		$3.EolMarker = Unix
		$3.inheritsSet = Mono
		$3.inheritsScope = text/plain
		$3.scope = text/plain
	EndGlobalSection

EndGlobal
